PODS:
  - Bolts/Tasks (1.9.1)
  - Parse (1.18.0):
    - Parse/Core (= 1.18.0)
  - Parse/Core (1.18.0):
    - Bolts/Tasks (= 1.9.1)
  - Parse/UI (1.18.0):
    - Parse/Core
  - Plaid (1.1.34)

DEPENDENCIES:
  - Parse
  - Parse/UI
  - Plaid

SPEC REPOS:
  trunk:
    - Bolts
    - Parse
    - Plaid

SPEC CHECKSUMS:
  Bolts: 8c1e8aab2f603387b8b9924f57d1d64f43d3ffdc
  Parse: 79bdda34fdb7eb2a707a43a951c8aae236cb3e34
  Plaid: 083db655629015d74f71347d50322c9d936cdd2a

PODFILE CHECKSUM: ccfd22a3b77bd37022265877cf829ebafc0ae548

COCOAPODS: 1.9.3
