// !$*UTF8*$!
{
	archiveVersion = 1;
	classes = {
	};
	objectVersion = 51;
	objects = {

/* Begin PBXBuildFile section */
		720DBEF60B6864522E9A025F /* Pods_Final_AppTests.framework in Frameworks */ = {isa = PBXBuildFile; fileRef = 61BABC7456AE74A44461F7D7 /* Pods_Final_AppTests.framework */; };
		82D1F9E9392BB7DF0EDCF5C9 /* Pods_Final_App_Final_AppUITests.framework in Frameworks */ = {isa = PBXBuildFile; fileRef = 517081B0AF7636F5B30AA665 /* Pods_Final_App_Final_AppUITests.framework */; };
		E4699EB024C7FA560099840B /* InvestDetailViewController.m in Sources */ = {isa = PBXBuildFile; fileRef = E4699EAF24C7FA560099840B /* InvestDetailViewController.m */; };
		E4B2693924C160140016D0BD /* StockCell.m in Sources */ = {isa = PBXBuildFile; fileRef = E4B2693824C160140016D0BD /* StockCell.m */; };
		E4B2693C24C1781C0016D0BD /* ReceiptViewController.m in Sources */ = {isa = PBXBuildFile; fileRef = E4B2693B24C1781C0016D0BD /* ReceiptViewController.m */; };
		E4B2693F24C178D10016D0BD /* Receipt.m in Sources */ = {isa = PBXBuildFile; fileRef = E4B2693E24C178D10016D0BD /* Receipt.m */; };
		E4F8EB6924B68BCA006BF595 /* AppDelegate.m in Sources */ = {isa = PBXBuildFile; fileRef = E4F8EB6824B68BCA006BF595 /* AppDelegate.m */; };
		E4F8EB6C24B68BCA006BF595 /* SceneDelegate.m in Sources */ = {isa = PBXBuildFile; fileRef = E4F8EB6B24B68BCA006BF595 /* SceneDelegate.m */; };
		E4F8EB7224B68BCA006BF595 /* Main.storyboard in Resources */ = {isa = PBXBuildFile; fileRef = E4F8EB7024B68BCA006BF595 /* Main.storyboard */; };
		E4F8EB7424B68BCB006BF595 /* Assets.xcassets in Resources */ = {isa = PBXBuildFile; fileRef = E4F8EB7324B68BCB006BF595 /* Assets.xcassets */; };
		E4F8EB7724B68BCB006BF595 /* LaunchScreen.storyboard in Resources */ = {isa = PBXBuildFile; fileRef = E4F8EB7524B68BCB006BF595 /* LaunchScreen.storyboard */; };
		E4F8EB7A24B68BCB006BF595 /* main.m in Sources */ = {isa = PBXBuildFile; fileRef = E4F8EB7924B68BCB006BF595 /* main.m */; };
		E4F8EB8424B68BCB006BF595 /* Final_AppTests.m in Sources */ = {isa = PBXBuildFile; fileRef = E4F8EB8324B68BCB006BF595 /* Final_AppTests.m */; };
		E4F8EB8F24B68BCB006BF595 /* Final_AppUITests.m in Sources */ = {isa = PBXBuildFile; fileRef = E4F8EB8E24B68BCB006BF595 /* Final_AppUITests.m */; };
		E4F8EBAB24BD7DA2006BF595 /* LoginViewController.m in Sources */ = {isa = PBXBuildFile; fileRef = E4F8EBAA24BD7DA2006BF595 /* LoginViewController.m */; };
		E4F8EBAE24BD86B0006BF595 /* HomeViewController.m in Sources */ = {isa = PBXBuildFile; fileRef = E4F8EBAD24BD86B0006BF595 /* HomeViewController.m */; };
		E4F8EBB124BE5136006BF595 /* InvestHomeViewController.m in Sources */ = {isa = PBXBuildFile; fileRef = E4F8EBB024BE5136006BF595 /* InvestHomeViewController.m */; };
		E868388ECA703968308685B4 /* Pods_Final_App.framework in Frameworks */ = {isa = PBXBuildFile; fileRef = C7A7FDA3E4A9F2E8694FACC1 /* Pods_Final_App.framework */; };
/* End PBXBuildFile section */

/* Begin PBXContainerItemProxy section */
		E4F8EB8024B68BCB006BF595 /* PBXContainerItemProxy */ = {
			isa = PBXContainerItemProxy;
			containerPortal = E4F8EB5C24B68BCA006BF595 /* Project object */;
			proxyType = 1;
			remoteGlobalIDString = E4F8EB6324B68BCA006BF595;
			remoteInfo = Final_App;
		};
		E4F8EB8B24B68BCB006BF595 /* PBXContainerItemProxy */ = {
			isa = PBXContainerItemProxy;
			containerPortal = E4F8EB5C24B68BCA006BF595 /* Project object */;
			proxyType = 1;
			remoteGlobalIDString = E4F8EB6324B68BCA006BF595;
			remoteInfo = Final_App;
		};
/* End PBXContainerItemProxy section */

/* Begin PBXFileReference section */
		03F674FAD387F90A17495B29 /* Pods-Final_App.debug.xcconfig */ = {isa = PBXFileReference; includeInIndex = 1; lastKnownFileType = text.xcconfig; name = "Pods-Final_App.debug.xcconfig"; path = "Target Support Files/Pods-Final_App/Pods-Final_App.debug.xcconfig"; sourceTree = "<group>"; };
		28DEB4C9927A4557A00919B0 /* Pods-Final_AppTests.release.xcconfig */ = {isa = PBXFileReference; includeInIndex = 1; lastKnownFileType = text.xcconfig; name = "Pods-Final_AppTests.release.xcconfig"; path = "Target Support Files/Pods-Final_AppTests/Pods-Final_AppTests.release.xcconfig"; sourceTree = "<group>"; };
		35121D50EBCCDA7A59311064 /* Pods-Final_App-Final_AppUITests.debug.xcconfig */ = {isa = PBXFileReference; includeInIndex = 1; lastKnownFileType = text.xcconfig; name = "Pods-Final_App-Final_AppUITests.debug.xcconfig"; path = "Target Support Files/Pods-Final_App-Final_AppUITests/Pods-Final_App-Final_AppUITests.debug.xcconfig"; sourceTree = "<group>"; };
		464231B98C57C230F94B8E1B /* Pods-Final_App-Final_AppUITests.release.xcconfig */ = {isa = PBXFileReference; includeInIndex = 1; lastKnownFileType = text.xcconfig; name = "Pods-Final_App-Final_AppUITests.release.xcconfig"; path = "Target Support Files/Pods-Final_App-Final_AppUITests/Pods-Final_App-Final_AppUITests.release.xcconfig"; sourceTree = "<group>"; };
		517081B0AF7636F5B30AA665 /* Pods_Final_App_Final_AppUITests.framework */ = {isa = PBXFileReference; explicitFileType = wrapper.framework; includeInIndex = 0; path = Pods_Final_App_Final_AppUITests.framework; sourceTree = BUILT_PRODUCTS_DIR; };
		61BABC7456AE74A44461F7D7 /* Pods_Final_AppTests.framework */ = {isa = PBXFileReference; explicitFileType = wrapper.framework; includeInIndex = 0; path = Pods_Final_AppTests.framework; sourceTree = BUILT_PRODUCTS_DIR; };
		AA2DF7723FEC711D7DFE41F8 /* Pods-Final_AppTests.debug.xcconfig */ = {isa = PBXFileReference; includeInIndex = 1; lastKnownFileType = text.xcconfig; name = "Pods-Final_AppTests.debug.xcconfig"; path = "Target Support Files/Pods-Final_AppTests/Pods-Final_AppTests.debug.xcconfig"; sourceTree = "<group>"; };
		C7A7FDA3E4A9F2E8694FACC1 /* Pods_Final_App.framework */ = {isa = PBXFileReference; explicitFileType = wrapper.framework; includeInIndex = 0; path = Pods_Final_App.framework; sourceTree = BUILT_PRODUCTS_DIR; };
		E4699EAE24C7FA560099840B /* InvestDetailViewController.h */ = {isa = PBXFileReference; lastKnownFileType = sourcecode.c.h; path = InvestDetailViewController.h; sourceTree = "<group>"; };
		E4699EAF24C7FA560099840B /* InvestDetailViewController.m */ = {isa = PBXFileReference; lastKnownFileType = sourcecode.c.objc; path = InvestDetailViewController.m; sourceTree = "<group>"; };
		E4B2693724C160140016D0BD /* StockCell.h */ = {isa = PBXFileReference; lastKnownFileType = sourcecode.c.h; path = StockCell.h; sourceTree = "<group>"; };
		E4B2693824C160140016D0BD /* StockCell.m */ = {isa = PBXFileReference; lastKnownFileType = sourcecode.c.objc; path = StockCell.m; sourceTree = "<group>"; };
		E4B2693A24C1781C0016D0BD /* ReceiptViewController.h */ = {isa = PBXFileReference; lastKnownFileType = sourcecode.c.h; path = ReceiptViewController.h; sourceTree = "<group>"; };
		E4B2693B24C1781C0016D0BD /* ReceiptViewController.m */ = {isa = PBXFileReference; lastKnownFileType = sourcecode.c.objc; path = ReceiptViewController.m; sourceTree = "<group>"; };
		E4B2693D24C178D10016D0BD /* Receipt.h */ = {isa = PBXFileReference; lastKnownFileType = sourcecode.c.h; path = Receipt.h; sourceTree = "<group>"; };
		E4B2693E24C178D10016D0BD /* Receipt.m */ = {isa = PBXFileReference; lastKnownFileType = sourcecode.c.objc; path = Receipt.m; sourceTree = "<group>"; };
		E4F8EB6424B68BCA006BF595 /* Final_App.app */ = {isa = PBXFileReference; explicitFileType = wrapper.application; includeInIndex = 0; path = Final_App.app; sourceTree = BUILT_PRODUCTS_DIR; };
		E4F8EB6724B68BCA006BF595 /* AppDelegate.h */ = {isa = PBXFileReference; lastKnownFileType = sourcecode.c.h; path = AppDelegate.h; sourceTree = "<group>"; };
		E4F8EB6824B68BCA006BF595 /* AppDelegate.m */ = {isa = PBXFileReference; lastKnownFileType = sourcecode.c.objc; path = AppDelegate.m; sourceTree = "<group>"; };
		E4F8EB6A24B68BCA006BF595 /* SceneDelegate.h */ = {isa = PBXFileReference; lastKnownFileType = sourcecode.c.h; path = SceneDelegate.h; sourceTree = "<group>"; };
		E4F8EB6B24B68BCA006BF595 /* SceneDelegate.m */ = {isa = PBXFileReference; lastKnownFileType = sourcecode.c.objc; path = SceneDelegate.m; sourceTree = "<group>"; };
		E4F8EB7124B68BCA006BF595 /* Base */ = {isa = PBXFileReference; lastKnownFileType = file.storyboard; name = Base; path = Base.lproj/Main.storyboard; sourceTree = "<group>"; };
		E4F8EB7324B68BCB006BF595 /* Assets.xcassets */ = {isa = PBXFileReference; lastKnownFileType = folder.assetcatalog; path = Assets.xcassets; sourceTree = "<group>"; };
		E4F8EB7624B68BCB006BF595 /* Base */ = {isa = PBXFileReference; lastKnownFileType = file.storyboard; name = Base; path = Base.lproj/LaunchScreen.storyboard; sourceTree = "<group>"; };
		E4F8EB7824B68BCB006BF595 /* Info.plist */ = {isa = PBXFileReference; lastKnownFileType = text.plist.xml; path = Info.plist; sourceTree = "<group>"; };
		E4F8EB7924B68BCB006BF595 /* main.m */ = {isa = PBXFileReference; lastKnownFileType = sourcecode.c.objc; path = main.m; sourceTree = "<group>"; };
		E4F8EB7F24B68BCB006BF595 /* Final_AppTests.xctest */ = {isa = PBXFileReference; explicitFileType = wrapper.cfbundle; includeInIndex = 0; path = Final_AppTests.xctest; sourceTree = BUILT_PRODUCTS_DIR; };
		E4F8EB8324B68BCB006BF595 /* Final_AppTests.m */ = {isa = PBXFileReference; lastKnownFileType = sourcecode.c.objc; path = Final_AppTests.m; sourceTree = "<group>"; };
		E4F8EB8524B68BCB006BF595 /* Info.plist */ = {isa = PBXFileReference; lastKnownFileType = text.plist.xml; path = Info.plist; sourceTree = "<group>"; };
		E4F8EB8A24B68BCB006BF595 /* Final_AppUITests.xctest */ = {isa = PBXFileReference; explicitFileType = wrapper.cfbundle; includeInIndex = 0; path = Final_AppUITests.xctest; sourceTree = BUILT_PRODUCTS_DIR; };
		E4F8EB8E24B68BCB006BF595 /* Final_AppUITests.m */ = {isa = PBXFileReference; lastKnownFileType = sourcecode.c.objc; path = Final_AppUITests.m; sourceTree = "<group>"; };
		E4F8EB9024B68BCB006BF595 /* Info.plist */ = {isa = PBXFileReference; lastKnownFileType = text.plist.xml; path = Info.plist; sourceTree = "<group>"; };
		E4F8EBA924BD7DA2006BF595 /* LoginViewController.h */ = {isa = PBXFileReference; lastKnownFileType = sourcecode.c.h; path = LoginViewController.h; sourceTree = "<group>"; };
		E4F8EBAA24BD7DA2006BF595 /* LoginViewController.m */ = {isa = PBXFileReference; lastKnownFileType = sourcecode.c.objc; path = LoginViewController.m; sourceTree = "<group>"; };
		E4F8EBAC24BD86B0006BF595 /* HomeViewController.h */ = {isa = PBXFileReference; lastKnownFileType = sourcecode.c.h; path = HomeViewController.h; sourceTree = "<group>"; };
		E4F8EBAD24BD86B0006BF595 /* HomeViewController.m */ = {isa = PBXFileReference; lastKnownFileType = sourcecode.c.objc; path = HomeViewController.m; sourceTree = "<group>"; };
		E4F8EBAF24BE5136006BF595 /* InvestHomeViewController.h */ = {isa = PBXFileReference; lastKnownFileType = sourcecode.c.h; path = InvestHomeViewController.h; sourceTree = "<group>"; };
		E4F8EBB024BE5136006BF595 /* InvestHomeViewController.m */ = {isa = PBXFileReference; lastKnownFileType = sourcecode.c.objc; path = InvestHomeViewController.m; sourceTree = "<group>"; };
		EDE424819692E18980331940 /* Pods-Final_App.release.xcconfig */ = {isa = PBXFileReference; includeInIndex = 1; lastKnownFileType = text.xcconfig; name = "Pods-Final_App.release.xcconfig"; path = "Target Support Files/Pods-Final_App/Pods-Final_App.release.xcconfig"; sourceTree = "<group>"; };
/* End PBXFileReference section */

/* Begin PBXFrameworksBuildPhase section */
		E4F8EB6124B68BCA006BF595 /* Frameworks */ = {
			isa = PBXFrameworksBuildPhase;
			buildActionMask = 2147483647;
			files = (
				E868388ECA703968308685B4 /* Pods_Final_App.framework in Frameworks */,
			);
			runOnlyForDeploymentPostprocessing = 0;
		};
		E4F8EB7C24B68BCB006BF595 /* Frameworks */ = {
			isa = PBXFrameworksBuildPhase;
			buildActionMask = 2147483647;
			files = (
				720DBEF60B6864522E9A025F /* Pods_Final_AppTests.framework in Frameworks */,
			);
			runOnlyForDeploymentPostprocessing = 0;
		};
		E4F8EB8724B68BCB006BF595 /* Frameworks */ = {
			isa = PBXFrameworksBuildPhase;
			buildActionMask = 2147483647;
			files = (
				82D1F9E9392BB7DF0EDCF5C9 /* Pods_Final_App_Final_AppUITests.framework in Frameworks */,
			);
			runOnlyForDeploymentPostprocessing = 0;
		};
/* End PBXFrameworksBuildPhase section */

/* Begin PBXGroup section */
		1D825D345DC20B73C624A97D /* Frameworks */ = {
			isa = PBXGroup;
			children = (
				C7A7FDA3E4A9F2E8694FACC1 /* Pods_Final_App.framework */,
				517081B0AF7636F5B30AA665 /* Pods_Final_App_Final_AppUITests.framework */,
				61BABC7456AE74A44461F7D7 /* Pods_Final_AppTests.framework */,
			);
			name = Frameworks;
			sourceTree = "<group>";
		};
		B78477767570EF35E7DF73A8 /* Pods */ = {
			isa = PBXGroup;
			children = (
				03F674FAD387F90A17495B29 /* Pods-Final_App.debug.xcconfig */,
				EDE424819692E18980331940 /* Pods-Final_App.release.xcconfig */,
				35121D50EBCCDA7A59311064 /* Pods-Final_App-Final_AppUITests.debug.xcconfig */,
				464231B98C57C230F94B8E1B /* Pods-Final_App-Final_AppUITests.release.xcconfig */,
				AA2DF7723FEC711D7DFE41F8 /* Pods-Final_AppTests.debug.xcconfig */,
				28DEB4C9927A4557A00919B0 /* Pods-Final_AppTests.release.xcconfig */,
			);
			path = Pods;
			sourceTree = "<group>";
		};
		E4F8EB5B24B68BCA006BF595 = {
			isa = PBXGroup;
			children = (
				E4F8EB6624B68BCA006BF595 /* Final_App */,
				E4F8EB8224B68BCB006BF595 /* Final_AppTests */,
				E4F8EB8D24B68BCB006BF595 /* Final_AppUITests */,
				E4F8EB6524B68BCA006BF595 /* Products */,
				B78477767570EF35E7DF73A8 /* Pods */,
				1D825D345DC20B73C624A97D /* Frameworks */,
			);
			sourceTree = "<group>";
		};
		E4F8EB6524B68BCA006BF595 /* Products */ = {
			isa = PBXGroup;
			children = (
				E4F8EB6424B68BCA006BF595 /* Final_App.app */,
				E4F8EB7F24B68BCB006BF595 /* Final_AppTests.xctest */,
				E4F8EB8A24B68BCB006BF595 /* Final_AppUITests.xctest */,
			);
			name = Products;
			sourceTree = "<group>";
		};
		E4F8EB6624B68BCA006BF595 /* Final_App */ = {
			isa = PBXGroup;
			children = (
				E4F8EBB324BE5605006BF595 /* Models */,
				E4F8EBB224BE55E0006BF595 /* Views */,
				E4F8EBA824BD7D8B006BF595 /* View Controller */,
				E4F8EB6724B68BCA006BF595 /* AppDelegate.h */,
				E4F8EB6824B68BCA006BF595 /* AppDelegate.m */,
				E4F8EB6A24B68BCA006BF595 /* SceneDelegate.h */,
				E4F8EB6B24B68BCA006BF595 /* SceneDelegate.m */,
				E4F8EB7024B68BCA006BF595 /* Main.storyboard */,
				E4F8EB7324B68BCB006BF595 /* Assets.xcassets */,
				E4F8EB7524B68BCB006BF595 /* LaunchScreen.storyboard */,
				E4F8EB7824B68BCB006BF595 /* Info.plist */,
				E4F8EB7924B68BCB006BF595 /* main.m */,
			);
			path = Final_App;
			sourceTree = "<group>";
		};
		E4F8EB8224B68BCB006BF595 /* Final_AppTests */ = {
			isa = PBXGroup;
			children = (
				E4F8EB8324B68BCB006BF595 /* Final_AppTests.m */,
				E4F8EB8524B68BCB006BF595 /* Info.plist */,
			);
			path = Final_AppTests;
			sourceTree = "<group>";
		};
		E4F8EB8D24B68BCB006BF595 /* Final_AppUITests */ = {
			isa = PBXGroup;
			children = (
				E4F8EB8E24B68BCB006BF595 /* Final_AppUITests.m */,
				E4F8EB9024B68BCB006BF595 /* Info.plist */,
			);
			path = Final_AppUITests;
			sourceTree = "<group>";
		};
		E4F8EBA824BD7D8B006BF595 /* View Controller */ = {
			isa = PBXGroup;
			children = (
				E4F8EBA924BD7DA2006BF595 /* LoginViewController.h */,
				E4F8EBAA24BD7DA2006BF595 /* LoginViewController.m */,
				E4F8EBAC24BD86B0006BF595 /* HomeViewController.h */,
				E4F8EBAD24BD86B0006BF595 /* HomeViewController.m */,
				E4F8EBAF24BE5136006BF595 /* InvestHomeViewController.h */,
				E4F8EBB024BE5136006BF595 /* InvestHomeViewController.m */,
				E4B2693A24C1781C0016D0BD /* ReceiptViewController.h */,
				E4B2693B24C1781C0016D0BD /* ReceiptViewController.m */,
				E4699EAE24C7FA560099840B /* InvestDetailViewController.h */,
				E4699EAF24C7FA560099840B /* InvestDetailViewController.m */,
			);
			path = "View Controller";
			sourceTree = "<group>";
		};
		E4F8EBB224BE55E0006BF595 /* Views */ = {
			isa = PBXGroup;
			children = (
				E4B2693724C160140016D0BD /* StockCell.h */,
				E4B2693824C160140016D0BD /* StockCell.m */,
			);
			path = Views;
			sourceTree = "<group>";
		};
		E4F8EBB324BE5605006BF595 /* Models */ = {
			isa = PBXGroup;
			children = (
				E4B2693D24C178D10016D0BD /* Receipt.h */,
				E4B2693E24C178D10016D0BD /* Receipt.m */,
			);
			path = Models;
			sourceTree = "<group>";
		};
/* End PBXGroup section */

/* Begin PBXNativeTarget section */
		E4F8EB6324B68BCA006BF595 /* Final_App */ = {
			isa = PBXNativeTarget;
			buildConfigurationList = E4F8EB9324B68BCB006BF595 /* Build configuration list for PBXNativeTarget "Final_App" */;
			buildPhases = (
				A01A9780F5BF3CB8D9AB49A2 /* [CP] Check Pods Manifest.lock */,
				E4F8EB6024B68BCA006BF595 /* Sources */,
				E4F8EB6124B68BCA006BF595 /* Frameworks */,
				E4F8EB6224B68BCA006BF595 /* Resources */,
				98D3332D5A5DFDFB264880DF /* [CP] Embed Pods Frameworks */,
			);
			buildRules = (
			);
			dependencies = (
			);
			name = Final_App;
			productName = Final_App;
			productReference = E4F8EB6424B68BCA006BF595 /* Final_App.app */;
			productType = "com.apple.product-type.application";
		};
		E4F8EB7E24B68BCB006BF595 /* Final_AppTests */ = {
			isa = PBXNativeTarget;
			buildConfigurationList = E4F8EB9624B68BCB006BF595 /* Build configuration list for PBXNativeTarget "Final_AppTests" */;
			buildPhases = (
				C2A03F7C8235B957BC163D5A /* [CP] Check Pods Manifest.lock */,
				E4F8EB7B24B68BCB006BF595 /* Sources */,
				E4F8EB7C24B68BCB006BF595 /* Frameworks */,
				E4F8EB7D24B68BCB006BF595 /* Resources */,
			);
			buildRules = (
			);
			dependencies = (
				E4F8EB8124B68BCB006BF595 /* PBXTargetDependency */,
			);
			name = Final_AppTests;
			productName = Final_AppTests;
			productReference = E4F8EB7F24B68BCB006BF595 /* Final_AppTests.xctest */;
			productType = "com.apple.product-type.bundle.unit-test";
		};
		E4F8EB8924B68BCB006BF595 /* Final_AppUITests */ = {
			isa = PBXNativeTarget;
			buildConfigurationList = E4F8EB9924B68BCB006BF595 /* Build configuration list for PBXNativeTarget "Final_AppUITests" */;
			buildPhases = (
				CA1A882702EFB16FE527DFC0 /* [CP] Check Pods Manifest.lock */,
				E4F8EB8624B68BCB006BF595 /* Sources */,
				E4F8EB8724B68BCB006BF595 /* Frameworks */,
				E4F8EB8824B68BCB006BF595 /* Resources */,
				FA75E37F23A98FC7F1B0881F /* [CP] Embed Pods Frameworks */,
			);
			buildRules = (
			);
			dependencies = (
				E4F8EB8C24B68BCB006BF595 /* PBXTargetDependency */,
			);
			name = Final_AppUITests;
			productName = Final_AppUITests;
			productReference = E4F8EB8A24B68BCB006BF595 /* Final_AppUITests.xctest */;
			productType = "com.apple.product-type.bundle.ui-testing";
		};
/* End PBXNativeTarget section */

/* Begin PBXProject section */
		E4F8EB5C24B68BCA006BF595 /* Project object */ = {
			isa = PBXProject;
			attributes = {
				LastUpgradeCheck = 1150;
				ORGANIZATIONNAME = "Facebook University";
				TargetAttributes = {
					E4F8EB6324B68BCA006BF595 = {
						CreatedOnToolsVersion = 11.5;
					};
					E4F8EB7E24B68BCB006BF595 = {
						CreatedOnToolsVersion = 11.5;
						TestTargetID = E4F8EB6324B68BCA006BF595;
					};
					E4F8EB8924B68BCB006BF595 = {
						CreatedOnToolsVersion = 11.5;
						TestTargetID = E4F8EB6324B68BCA006BF595;
					};
				};
			};
			buildConfigurationList = E4F8EB5F24B68BCA006BF595 /* Build configuration list for PBXProject "Final_App" */;
			compatibilityVersion = "Xcode 9.3";
			developmentRegion = en;
			hasScannedForEncodings = 0;
			knownRegions = (
				en,
				Base,
			);
			mainGroup = E4F8EB5B24B68BCA006BF595;
			productRefGroup = E4F8EB6524B68BCA006BF595 /* Products */;
			projectDirPath = "";
			projectRoot = "";
			targets = (
				E4F8EB6324B68BCA006BF595 /* Final_App */,
				E4F8EB7E24B68BCB006BF595 /* Final_AppTests */,
				E4F8EB8924B68BCB006BF595 /* Final_AppUITests */,
			);
		};
/* End PBXProject section */

/* Begin PBXResourcesBuildPhase section */
		E4F8EB6224B68BCA006BF595 /* Resources */ = {
			isa = PBXResourcesBuildPhase;
			buildActionMask = 2147483647;
			files = (
				E4F8EB7724B68BCB006BF595 /* LaunchScreen.storyboard in Resources */,
				E4F8EB7424B68BCB006BF595 /* Assets.xcassets in Resources */,
				E4F8EB7224B68BCA006BF595 /* Main.storyboard in Resources */,
			);
			runOnlyForDeploymentPostprocessing = 0;
		};
		E4F8EB7D24B68BCB006BF595 /* Resources */ = {
			isa = PBXResourcesBuildPhase;
			buildActionMask = 2147483647;
			files = (
			);
			runOnlyForDeploymentPostprocessing = 0;
		};
		E4F8EB8824B68BCB006BF595 /* Resources */ = {
			isa = PBXResourcesBuildPhase;
			buildActionMask = 2147483647;
			files = (
			);
			runOnlyForDeploymentPostprocessing = 0;
		};
/* End PBXResourcesBuildPhase section */

/* Begin PBXShellScriptBuildPhase section */
		98D3332D5A5DFDFB264880DF /* [CP] Embed Pods Frameworks */ = {
			isa = PBXShellScriptBuildPhase;
			buildActionMask = 2147483647;
			files = (
			);
			inputFileListPaths = (
				"${PODS_ROOT}/Target Support Files/Pods-Final_App/Pods-Final_App-frameworks-${CONFIGURATION}-input-files.xcfilelist",
			);
			name = "[CP] Embed Pods Frameworks";
			outputFileListPaths = (
				"${PODS_ROOT}/Target Support Files/Pods-Final_App/Pods-Final_App-frameworks-${CONFIGURATION}-output-files.xcfilelist",
			);
			runOnlyForDeploymentPostprocessing = 0;
			shellPath = /bin/sh;
			shellScript = "\"${PODS_ROOT}/Target Support Files/Pods-Final_App/Pods-Final_App-frameworks.sh\"\n";
			showEnvVarsInLog = 0;
		};
		A01A9780F5BF3CB8D9AB49A2 /* [CP] Check Pods Manifest.lock */ = {
			isa = PBXShellScriptBuildPhase;
			buildActionMask = 2147483647;
			files = (
			);
			inputFileListPaths = (
			);
			inputPaths = (
				"${PODS_PODFILE_DIR_PATH}/Podfile.lock",
				"${PODS_ROOT}/Manifest.lock",
			);
			name = "[CP] Check Pods Manifest.lock";
			outputFileListPaths = (
			);
			outputPaths = (
				"$(DERIVED_FILE_DIR)/Pods-Final_App-checkManifestLockResult.txt",
			);
			runOnlyForDeploymentPostprocessing = 0;
			shellPath = /bin/sh;
			shellScript = "diff \"${PODS_PODFILE_DIR_PATH}/Podfile.lock\" \"${PODS_ROOT}/Manifest.lock\" > /dev/null\nif [ $? != 0 ] ; then\n    # print error to STDERR\n    echo \"error: The sandbox is not in sync with the Podfile.lock. Run 'pod install' or update your CocoaPods installation.\" >&2\n    exit 1\nfi\n# This output is used by Xcode 'outputs' to avoid re-running this script phase.\necho \"SUCCESS\" > \"${SCRIPT_OUTPUT_FILE_0}\"\n";
			showEnvVarsInLog = 0;
		};
		C2A03F7C8235B957BC163D5A /* [CP] Check Pods Manifest.lock */ = {
			isa = PBXShellScriptBuildPhase;
			buildActionMask = 2147483647;
			files = (
			);
			inputFileListPaths = (
			);
			inputPaths = (
				"${PODS_PODFILE_DIR_PATH}/Podfile.lock",
				"${PODS_ROOT}/Manifest.lock",
			);
			name = "[CP] Check Pods Manifest.lock";
			outputFileListPaths = (
			);
			outputPaths = (
				"$(DERIVED_FILE_DIR)/Pods-Final_AppTests-checkManifestLockResult.txt",
			);
			runOnlyForDeploymentPostprocessing = 0;
			shellPath = /bin/sh;
			shellScript = "diff \"${PODS_PODFILE_DIR_PATH}/Podfile.lock\" \"${PODS_ROOT}/Manifest.lock\" > /dev/null\nif [ $? != 0 ] ; then\n    # print error to STDERR\n    echo \"error: The sandbox is not in sync with the Podfile.lock. Run 'pod install' or update your CocoaPods installation.\" >&2\n    exit 1\nfi\n# This output is used by Xcode 'outputs' to avoid re-running this script phase.\necho \"SUCCESS\" > \"${SCRIPT_OUTPUT_FILE_0}\"\n";
			showEnvVarsInLog = 0;
		};
		CA1A882702EFB16FE527DFC0 /* [CP] Check Pods Manifest.lock */ = {
			isa = PBXShellScriptBuildPhase;
			buildActionMask = 2147483647;
			files = (
			);
			inputFileListPaths = (
			);
			inputPaths = (
				"${PODS_PODFILE_DIR_PATH}/Podfile.lock",
				"${PODS_ROOT}/Manifest.lock",
			);
			name = "[CP] Check Pods Manifest.lock";
			outputFileListPaths = (
			);
			outputPaths = (
				"$(DERIVED_FILE_DIR)/Pods-Final_App-Final_AppUITests-checkManifestLockResult.txt",
			);
			runOnlyForDeploymentPostprocessing = 0;
			shellPath = /bin/sh;
			shellScript = "diff \"${PODS_PODFILE_DIR_PATH}/Podfile.lock\" \"${PODS_ROOT}/Manifest.lock\" > /dev/null\nif [ $? != 0 ] ; then\n    # print error to STDERR\n    echo \"error: The sandbox is not in sync with the Podfile.lock. Run 'pod install' or update your CocoaPods installation.\" >&2\n    exit 1\nfi\n# This output is used by Xcode 'outputs' to avoid re-running this script phase.\necho \"SUCCESS\" > \"${SCRIPT_OUTPUT_FILE_0}\"\n";
			showEnvVarsInLog = 0;
		};
		FA75E37F23A98FC7F1B0881F /* [CP] Embed Pods Frameworks */ = {
			isa = PBXShellScriptBuildPhase;
			buildActionMask = 2147483647;
			files = (
			);
			inputFileListPaths = (
				"${PODS_ROOT}/Target Support Files/Pods-Final_App-Final_AppUITests/Pods-Final_App-Final_AppUITests-frameworks-${CONFIGURATION}-input-files.xcfilelist",
			);
			name = "[CP] Embed Pods Frameworks";
			outputFileListPaths = (
				"${PODS_ROOT}/Target Support Files/Pods-Final_App-Final_AppUITests/Pods-Final_App-Final_AppUITests-frameworks-${CONFIGURATION}-output-files.xcfilelist",
			);
			runOnlyForDeploymentPostprocessing = 0;
			shellPath = /bin/sh;
			shellScript = "\"${PODS_ROOT}/Target Support Files/Pods-Final_App-Final_AppUITests/Pods-Final_App-Final_AppUITests-frameworks.sh\"\n";
			showEnvVarsInLog = 0;
		};
/* End PBXShellScriptBuildPhase section */

/* Begin PBXSourcesBuildPhase section */
		E4F8EB6024B68BCA006BF595 /* Sources */ = {
			isa = PBXSourcesBuildPhase;
			buildActionMask = 2147483647;
			files = (
				E4F8EBAB24BD7DA2006BF595 /* LoginViewController.m in Sources */,
				E4F8EB6924B68BCA006BF595 /* AppDelegate.m in Sources */,
				E4F8EB7A24B68BCB006BF595 /* main.m in Sources */,
				E4F8EBAE24BD86B0006BF595 /* HomeViewController.m in Sources */,
				E4F8EBB124BE5136006BF595 /* InvestHomeViewController.m in Sources */,
				E4B2693C24C1781C0016D0BD /* ReceiptViewController.m in Sources */,
				E4F8EB6C24B68BCA006BF595 /* SceneDelegate.m in Sources */,
				E4B2693924C160140016D0BD /* StockCell.m in Sources */,
				E4699EB024C7FA560099840B /* InvestDetailViewController.m in Sources */,
				E4B2693F24C178D10016D0BD /* Receipt.m in Sources */,
			);
			runOnlyForDeploymentPostprocessing = 0;
		};
		E4F8EB7B24B68BCB006BF595 /* Sources */ = {
			isa = PBXSourcesBuildPhase;
			buildActionMask = 2147483647;
			files = (
				E4F8EB8424B68BCB006BF595 /* Final_AppTests.m in Sources */,
			);
			runOnlyForDeploymentPostprocessing = 0;
		};
		E4F8EB8624B68BCB006BF595 /* Sources */ = {
			isa = PBXSourcesBuildPhase;
			buildActionMask = 2147483647;
			files = (
				E4F8EB8F24B68BCB006BF595 /* Final_AppUITests.m in Sources */,
			);
			runOnlyForDeploymentPostprocessing = 0;
		};
/* End PBXSourcesBuildPhase section */

/* Begin PBXTargetDependency section */
		E4F8EB8124B68BCB006BF595 /* PBXTargetDependency */ = {
			isa = PBXTargetDependency;
			target = E4F8EB6324B68BCA006BF595 /* Final_App */;
			targetProxy = E4F8EB8024B68BCB006BF595 /* PBXContainerItemProxy */;
		};
		E4F8EB8C24B68BCB006BF595 /* PBXTargetDependency */ = {
			isa = PBXTargetDependency;
			target = E4F8EB6324B68BCA006BF595 /* Final_App */;
			targetProxy = E4F8EB8B24B68BCB006BF595 /* PBXContainerItemProxy */;
		};
/* End PBXTargetDependency section */

/* Begin PBXVariantGroup section */
		E4F8EB7024B68BCA006BF595 /* Main.storyboard */ = {
			isa = PBXVariantGroup;
			children = (
				E4F8EB7124B68BCA006BF595 /* Base */,
			);
			name = Main.storyboard;
			sourceTree = "<group>";
		};
		E4F8EB7524B68BCB006BF595 /* LaunchScreen.storyboard */ = {
			isa = PBXVariantGroup;
			children = (
				E4F8EB7624B68BCB006BF595 /* Base */,
			);
			name = LaunchScreen.storyboard;
			sourceTree = "<group>";
		};
/* End PBXVariantGroup section */

/* Begin XCBuildConfiguration section */
		E4F8EB9124B68BCB006BF595 /* Debug */ = {
			isa = XCBuildConfiguration;
			buildSettings = {
				ALWAYS_SEARCH_USER_PATHS = NO;
				CLANG_ANALYZER_NONNULL = YES;
				CLANG_ANALYZER_NUMBER_OBJECT_CONVERSION = YES_AGGRESSIVE;
				CLANG_CXX_LANGUAGE_STANDARD = "gnu++14";
				CLANG_CXX_LIBRARY = "libc++";
				CLANG_ENABLE_MODULES = YES;
				CLANG_ENABLE_OBJC_ARC = YES;
				CLANG_ENABLE_OBJC_WEAK = YES;
				CLANG_WARN_BLOCK_CAPTURE_AUTORELEASING = YES;
				CLANG_WARN_BOOL_CONVERSION = YES;
				CLANG_WARN_COMMA = YES;
				CLANG_WARN_CONSTANT_CONVERSION = YES;
				CLANG_WARN_DEPRECATED_OBJC_IMPLEMENTATIONS = YES;
				CLANG_WARN_DIRECT_OBJC_ISA_USAGE = YES_ERROR;
				CLANG_WARN_DOCUMENTATION_COMMENTS = YES;
				CLANG_WARN_EMPTY_BODY = YES;
				CLANG_WARN_ENUM_CONVERSION = YES;
				CLANG_WARN_INFINITE_RECURSION = YES;
				CLANG_WARN_INT_CONVERSION = YES;
				CLANG_WARN_NON_LITERAL_NULL_CONVERSION = YES;
				CLANG_WARN_OBJC_IMPLICIT_RETAIN_SELF = YES;
				CLANG_WARN_OBJC_LITERAL_CONVERSION = YES;
				CLANG_WARN_OBJC_ROOT_CLASS = YES_ERROR;
				CLANG_WARN_RANGE_LOOP_ANALYSIS = YES;
				CLANG_WARN_STRICT_PROTOTYPES = YES;
				CLANG_WARN_SUSPICIOUS_MOVE = YES;
				CLANG_WARN_UNGUARDED_AVAILABILITY = YES_AGGRESSIVE;
				CLANG_WARN_UNREACHABLE_CODE = YES;
				CLANG_WARN__DUPLICATE_METHOD_MATCH = YES;
				COPY_PHASE_STRIP = NO;
				DEBUG_INFORMATION_FORMAT = dwarf;
				ENABLE_STRICT_OBJC_MSGSEND = YES;
				ENABLE_TESTABILITY = YES;
				GCC_C_LANGUAGE_STANDARD = gnu11;
				GCC_DYNAMIC_NO_PIC = NO;
				GCC_NO_COMMON_BLOCKS = YES;
				GCC_OPTIMIZATION_LEVEL = 0;
				GCC_PREPROCESSOR_DEFINITIONS = (
					"DEBUG=1",
					"$(inherited)",
				);
				GCC_WARN_64_TO_32_BIT_CONVERSION = YES;
				GCC_WARN_ABOUT_RETURN_TYPE = YES_ERROR;
				GCC_WARN_UNDECLARED_SELECTOR = YES;
				GCC_WARN_UNINITIALIZED_AUTOS = YES_AGGRESSIVE;
				GCC_WARN_UNUSED_FUNCTION = YES;
				GCC_WARN_UNUSED_VARIABLE = YES;
				IPHONEOS_DEPLOYMENT_TARGET = 13.5;
				MTL_ENABLE_DEBUG_INFO = INCLUDE_SOURCE;
				MTL_FAST_MATH = YES;
				ONLY_ACTIVE_ARCH = YES;
				SDKROOT = iphoneos;
			};
			name = Debug;
		};
		E4F8EB9224B68BCB006BF595 /* Release */ = {
			isa = XCBuildConfiguration;
			buildSettings = {
				ALWAYS_SEARCH_USER_PATHS = NO;
				CLANG_ANALYZER_NONNULL = YES;
				CLANG_ANALYZER_NUMBER_OBJECT_CONVERSION = YES_AGGRESSIVE;
				CLANG_CXX_LANGUAGE_STANDARD = "gnu++14";
				CLANG_CXX_LIBRARY = "libc++";
				CLANG_ENABLE_MODULES = YES;
				CLANG_ENABLE_OBJC_ARC = YES;
				CLANG_ENABLE_OBJC_WEAK = YES;
				CLANG_WARN_BLOCK_CAPTURE_AUTORELEASING = YES;
				CLANG_WARN_BOOL_CONVERSION = YES;
				CLANG_WARN_COMMA = YES;
				CLANG_WARN_CONSTANT_CONVERSION = YES;
				CLANG_WARN_DEPRECATED_OBJC_IMPLEMENTATIONS = YES;
				CLANG_WARN_DIRECT_OBJC_ISA_USAGE = YES_ERROR;
				CLANG_WARN_DOCUMENTATION_COMMENTS = YES;
				CLANG_WARN_EMPTY_BODY = YES;
				CLANG_WARN_ENUM_CONVERSION = YES;
				CLANG_WARN_INFINITE_RECURSION = YES;
				CLANG_WARN_INT_CONVERSION = YES;
				CLANG_WARN_NON_LITERAL_NULL_CONVERSION = YES;
				CLANG_WARN_OBJC_IMPLICIT_RETAIN_SELF = YES;
				CLANG_WARN_OBJC_LITERAL_CONVERSION = YES;
				CLANG_WARN_OBJC_ROOT_CLASS = YES_ERROR;
				CLANG_WARN_RANGE_LOOP_ANALYSIS = YES;
				CLANG_WARN_STRICT_PROTOTYPES = YES;
				CLANG_WARN_SUSPICIOUS_MOVE = YES;
				CLANG_WARN_UNGUARDED_AVAILABILITY = YES_AGGRESSIVE;
				CLANG_WARN_UNREACHABLE_CODE = YES;
				CLANG_WARN__DUPLICATE_METHOD_MATCH = YES;
				COPY_PHASE_STRIP = NO;
				DEBUG_INFORMATION_FORMAT = "dwarf-with-dsym";
				ENABLE_NS_ASSERTIONS = NO;
				ENABLE_STRICT_OBJC_MSGSEND = YES;
				GCC_C_LANGUAGE_STANDARD = gnu11;
				GCC_NO_COMMON_BLOCKS = YES;
				GCC_WARN_64_TO_32_BIT_CONVERSION = YES;
				GCC_WARN_ABOUT_RETURN_TYPE = YES_ERROR;
				GCC_WARN_UNDECLARED_SELECTOR = YES;
				GCC_WARN_UNINITIALIZED_AUTOS = YES_AGGRESSIVE;
				GCC_WARN_UNUSED_FUNCTION = YES;
				GCC_WARN_UNUSED_VARIABLE = YES;
				IPHONEOS_DEPLOYMENT_TARGET = 13.5;
				MTL_ENABLE_DEBUG_INFO = NO;
				MTL_FAST_MATH = YES;
				SDKROOT = iphoneos;
				VALIDATE_PRODUCT = YES;
			};
			name = Release;
		};
		E4F8EB9424B68BCB006BF595 /* Debug */ = {
			isa = XCBuildConfiguration;
			baseConfigurationReference = 03F674FAD387F90A17495B29 /* Pods-Final_App.debug.xcconfig */;
			buildSettings = {
				ASSETCATALOG_COMPILER_APPICON_NAME = AppIcon;
				CODE_SIGN_STYLE = Automatic;
				DEVELOPMENT_TEAM = XW8LHVY5HH;
				INFOPLIST_FILE = Final_App/Info.plist;
				LD_RUNPATH_SEARCH_PATHS = (
					"$(inherited)",
					"@executable_path/Frameworks",
				);
				PRODUCT_BUNDLE_IDENTIFIER = "com.adisaolalekan.Final-App";
				PRODUCT_NAME = "$(TARGET_NAME)";
				TARGETED_DEVICE_FAMILY = "1,2";
			};
			name = Debug;
		};
		E4F8EB9524B68BCB006BF595 /* Release */ = {
			isa = XCBuildConfiguration;
			baseConfigurationReference = EDE424819692E18980331940 /* Pods-Final_App.release.xcconfig */;
			buildSettings = {
				ASSETCATALOG_COMPILER_APPICON_NAME = AppIcon;
				CODE_SIGN_STYLE = Automatic;
				DEVELOPMENT_TEAM = XW8LHVY5HH;
				INFOPLIST_FILE = Final_App/Info.plist;
				LD_RUNPATH_SEARCH_PATHS = (
					"$(inherited)",
					"@executable_path/Frameworks",
				);
				PRODUCT_BUNDLE_IDENTIFIER = "com.adisaolalekan.Final-App";
				PRODUCT_NAME = "$(TARGET_NAME)";
				TARGETED_DEVICE_FAMILY = "1,2";
			};
			name = Release;
		};
		E4F8EB9724B68BCB006BF595 /* Debug */ = {
			isa = XCBuildConfiguration;
			baseConfigurationReference = AA2DF7723FEC711D7DFE41F8 /* Pods-Final_AppTests.debug.xcconfig */;
			buildSettings = {
				BUNDLE_LOADER = "$(TEST_HOST)";
				CODE_SIGN_STYLE = Automatic;
				DEVELOPMENT_TEAM = XW8LHVY5HH;
				INFOPLIST_FILE = Final_AppTests/Info.plist;
				IPHONEOS_DEPLOYMENT_TARGET = 13.5;
				LD_RUNPATH_SEARCH_PATHS = (
					"$(inherited)",
					"@executable_path/Frameworks",
					"@loader_path/Frameworks",
				);
				PRODUCT_BUNDLE_IDENTIFIER = "com.adisaolalekan.Final-AppTests";
				PRODUCT_NAME = "$(TARGET_NAME)";
				TARGETED_DEVICE_FAMILY = "1,2";
				TEST_HOST = "$(BUILT_PRODUCTS_DIR)/Final_App.app/Final_App";
			};
			name = Debug;
		};
		E4F8EB9824B68BCB006BF595 /* Release */ = {
			isa = XCBuildConfiguration;
			baseConfigurationReference = 28DEB4C9927A4557A00919B0 /* Pods-Final_AppTests.release.xcconfig */;
			buildSettings = {
				BUNDLE_LOADER = "$(TEST_HOST)";
				CODE_SIGN_STYLE = Automatic;
				DEVELOPMENT_TEAM = XW8LHVY5HH;
				INFOPLIST_FILE = Final_AppTests/Info.plist;
				IPHONEOS_DEPLOYMENT_TARGET = 13.5;
				LD_RUNPATH_SEARCH_PATHS = (
					"$(inherited)",
					"@executable_path/Frameworks",
					"@loader_path/Frameworks",
				);
				PRODUCT_BUNDLE_IDENTIFIER = "com.adisaolalekan.Final-AppTests";
				PRODUCT_NAME = "$(TARGET_NAME)";
				TARGETED_DEVICE_FAMILY = "1,2";
				TEST_HOST = "$(BUILT_PRODUCTS_DIR)/Final_App.app/Final_App";
			};
			name = Release;
		};
		E4F8EB9A24B68BCB006BF595 /* Debug */ = {
			isa = XCBuildConfiguration;
			baseConfigurationReference = 35121D50EBCCDA7A59311064 /* Pods-Final_App-Final_AppUITests.debug.xcconfig */;
			buildSettings = {
				CODE_SIGN_STYLE = Automatic;
				DEVELOPMENT_TEAM = XW8LHVY5HH;
				INFOPLIST_FILE = Final_AppUITests/Info.plist;
				LD_RUNPATH_SEARCH_PATHS = (
					"$(inherited)",
					"@executable_path/Frameworks",
					"@loader_path/Frameworks",
				);
				PRODUCT_BUNDLE_IDENTIFIER = "com.adisaolalekan.Final-AppUITests";
				PRODUCT_NAME = "$(TARGET_NAME)";
				TARGETED_DEVICE_FAMILY = "1,2";
				TEST_TARGET_NAME = Final_App;
			};
			name = Debug;
		};
		E4F8EB9B24B68BCB006BF595 /* Release */ = {
			isa = XCBuildConfiguration;
			baseConfigurationReference = 464231B98C57C230F94B8E1B /* Pods-Final_App-Final_AppUITests.release.xcconfig */;
			buildSettings = {
				CODE_SIGN_STYLE = Automatic;
				DEVELOPMENT_TEAM = XW8LHVY5HH;
				INFOPLIST_FILE = Final_AppUITests/Info.plist;
				LD_RUNPATH_SEARCH_PATHS = (
					"$(inherited)",
					"@executable_path/Frameworks",
					"@loader_path/Frameworks",
				);
				PRODUCT_BUNDLE_IDENTIFIER = "com.adisaolalekan.Final-AppUITests";
				PRODUCT_NAME = "$(TARGET_NAME)";
				TARGETED_DEVICE_FAMILY = "1,2";
				TEST_TARGET_NAME = Final_App;
			};
			name = Release;
		};
/* End XCBuildConfiguration section */

/* Begin XCConfigurationList section */
		E4F8EB5F24B68BCA006BF595 /* Build configuration list for PBXProject "Final_App" */ = {
			isa = XCConfigurationList;
			buildConfigurations = (
				E4F8EB9124B68BCB006BF595 /* Debug */,
				E4F8EB9224B68BCB006BF595 /* Release */,
			);
			defaultConfigurationIsVisible = 0;
			defaultConfigurationName = Release;
		};
		E4F8EB9324B68BCB006BF595 /* Build configuration list for PBXNativeTarget "Final_App" */ = {
			isa = XCConfigurationList;
			buildConfigurations = (
				E4F8EB9424B68BCB006BF595 /* Debug */,
				E4F8EB9524B68BCB006BF595 /* Release */,
			);
			defaultConfigurationIsVisible = 0;
			defaultConfigurationName = Release;
		};
		E4F8EB9624B68BCB006BF595 /* Build configuration list for PBXNativeTarget "Final_AppTests" */ = {
			isa = XCConfigurationList;
			buildConfigurations = (
				E4F8EB9724B68BCB006BF595 /* Debug */,
				E4F8EB9824B68BCB006BF595 /* Release */,
			);
			defaultConfigurationIsVisible = 0;
			defaultConfigurationName = Release;
		};
		E4F8EB9924B68BCB006BF595 /* Build configuration list for PBXNativeTarget "Final_AppUITests" */ = {
			isa = XCConfigurationList;
			buildConfigurations = (
				E4F8EB9A24B68BCB006BF595 /* Debug */,
				E4F8EB9B24B68BCB006BF595 /* Release */,
			);
			defaultConfigurationIsVisible = 0;
			defaultConfigurationName = Release;
		};
/* End XCConfigurationList section */
	};
	rootObject = E4F8EB5C24B68BCA006BF595 /* Project object */;
}
